{"is_source_file": false, "format": "", "description": "", "external_files": [], "external_methods": [], "published": [], "classes": [], "methods": [], "calls": [], "search-terms": [], "state": 2, "file_id": 18, "knowledge_revision": 38, "git_revision": "96bc9b4a6ef68b87dc196627f4d07eeafb686f8f", "hash": "e9b4c3b42cef0193b7fddb548d37e652", "format-version": 4, "code-base-name": "default", "filename": "webtictactoe/post_process_status.lock", "revision_history": [{"38": "96bc9b4a6ef68b87dc196627f4d07eeafb686f8f"}]}